// !$*UTF8*$!
{
	archiveVersion = 1;
	classes = {
	};
	objectVersion = 55;
	objects = {

/* Begin PBXBuildFile section */
		9BB0C2D0280D5F5700639399 /* AppDelegate.swift in Sources */ = {isa = PBXBuildFile; fileRef = 9BB0C2CF280D5F5700639399 /* AppDelegate.swift */; };
		9BB0C2D2280D5F5700639399 /* SceneDelegate.swift in Sources */ = {isa = PBXBuildFile; fileRef = 9BB0C2D1280D5F5700639399 /* SceneDelegate.swift */; };
		9BB0C2D4280D5F5700639399 /* ViewController.swift in Sources */ = {isa = PBXBuildFile; fileRef = 9BB0C2D3280D5F5700639399 /* ViewController.swift */; };
		9BB0C2D7280D5F5700639399 /* Main.storyboard in Resources */ = {isa = PBXBuildFile; fileRef = 9BB0C2D5280D5F5700639399 /* Main.storyboard */; };
		9BB0C2D9280D5F5900639399 /* Assets.xcassets in Resources */ = {isa = PBXBuildFile; fileRef = 9BB0C2D8280D5F5900639399 /* Assets.xcassets */; };
		9BB0C2DC280D5F5900639399 /* LaunchScreen.storyboard in Resources */ = {isa = PBXBuildFile; fileRef = 9BB0C2DA280D5F5900639399 /* LaunchScreen.storyboard */; };
		9BB0C2E4280D5FB800639399 /* CollectionViewCell.swift in Sources */ = {isa = PBXBuildFile; fileRef = 9BB0C2E3280D5FB800639399 /* CollectionViewCell.swift */; };
		9BB0C2E8280D67A000639399 /* HeaderCollectionReusableView.swift in Sources */ = {isa = PBXBuildFile; fileRef = 9BB0C2E7280D67A000639399 /* HeaderCollectionReusableView.swift */; };
		9BB0C2EB280D6E6200639399 /* WaterFallCollectionViewController.swift in Sources */ = {isa = PBXBuildFile; fileRef = 9BB0C2EA280D6E6200639399 /* WaterFallCollectionViewController.swift */; };
		9BB0C2ED280D6FE200639399 /* WaterfallCollectionViewCell.swift in Sources */ = {isa = PBXBuildFile; fileRef = 9BB0C2EC280D6FE200639399 /* WaterfallCollectionViewCell.swift */; };
		9BB0C2EF280D769600639399 /* ChencanUICollectionViewLayout.swift in Sources */ = {isa = PBXBuildFile; fileRef = 9BB0C2EE280D769600639399 /* ChencanUICollectionViewLayout.swift */; };
/* End PBXBuildFile section */

/* Begin PBXFileReference section */
		9BB0C2CC280D5F5700639399 /* CollectionView.app */ = {isa = PBXFileReference; explicitFileType = wrapper.application; includeInIndex = 0; path = CollectionView.app; sourceTree = BUILT_PRODUCTS_DIR; };
		9BB0C2CF280D5F5700639399 /* AppDelegate.swift */ = {isa = PBXFileReference; lastKnownFileType = sourcecode.swift; path = AppDelegate.swift; sourceTree = "<group>"; };
		9BB0C2D1280D5F5700639399 /* SceneDelegate.swift */ = {isa = PBXFileReference; lastKnownFileType = sourcecode.swift; path = SceneDelegate.swift; sourceTree = "<group>"; };
		9BB0C2D3280D5F5700639399 /* ViewController.swift */ = {isa = PBXFileReference; lastKnownFileType = sourcecode.swift; path = ViewController.swift; sourceTree = "<group>"; };
		9BB0C2D6280D5F5700639399 /* Base */ = {isa = PBXFileReference; lastKnownFileType = file.storyboard; name = Base; path = Base.lproj/Main.storyboard; sourceTree = "<group>"; };
		9BB0C2D8280D5F5900639399 /* Assets.xcassets */ = {isa = PBXFileReference; lastKnownFileType = folder.assetcatalog; path = Assets.xcassets; sourceTree = "<group>"; };
		9BB0C2DB280D5F5900639399 /* Base */ = {isa = PBXFileReference; lastKnownFileType = file.storyboard; name = Base; path = Base.lproj/LaunchScreen.storyboard; sourceTree = "<group>"; };
		9BB0C2DD280D5F5900639399 /* Info.plist */ = {isa = PBXFileReference; lastKnownFileType = text.plist.xml; path = Info.plist; sourceTree = "<group>"; };
		9BB0C2E3280D5FB800639399 /* CollectionViewCell.swift */ = {isa = PBXFileReference; lastKnownFileType = sourcecode.swift; path = CollectionViewCell.swift; sourceTree = "<group>"; };
		9BB0C2E7280D67A000639399 /* HeaderCollectionReusableView.swift */ = {isa = PBXFileReference; lastKnownFileType = sourcecode.swift; path = HeaderCollectionReusableView.swift; sourceTree = "<group>"; };
		9BB0C2E9280D6BA700639399 /* MyPlayground.playground */ = {isa = PBXFileReference; lastKnownFileType = file.playground; path = MyPlayground.playground; sourceTree = "<group>"; xcLanguageSpecificationIdentifier = xcode.lang.swift; };
		9BB0C2EA280D6E6200639399 /* WaterFallCollectionViewController.swift */ = {isa = PBXFileReference; lastKnownFileType = sourcecode.swift; path = WaterFallCollectionViewController.swift; sourceTree = "<group>"; };
		9BB0C2EC280D6FE200639399 /* WaterfallCollectionViewCell.swift */ = {isa = PBXFileReference; lastKnownFileType = sourcecode.swift; path = WaterfallCollectionViewCell.swift; sourceTree = "<group>"; };
		9BB0C2EE280D769600639399 /* ChencanUICollectionViewLayout.swift */ = {isa = PBXFileReference; lastKnownFileType = sourcecode.swift; path = ChencanUICollectionViewLayout.swift; sourceTree = "<group>"; };
/* End PBXFileReference section */

/* Begin PBXFrameworksBuildPhase section */
		9BB0C2C9280D5F5700639399 /* Frameworks */ = {
			isa = PBXFrameworksBuildPhase;
			buildActionMask = 2147483647;
			files = (
			);
			runOnlyForDeploymentPostprocessing = 0;
		};
/* End PBXFrameworksBuildPhase section */

/* Begin PBXGroup section */
		9B8C31F628144F070071BE89 /* WaterfallController */ = {
			isa = PBXGroup;
			children = (
				9BB0C2EA280D6E6200639399 /* WaterFallCollectionViewController.swift */,
				9BB0C2EC280D6FE200639399 /* WaterfallCollectionViewCell.swift */,
				9BB0C2EE280D769600639399 /* ChencanUICollectionViewLayout.swift */,
			);
			path = WaterfallController;
			sourceTree = "<group>";
		};
		9B8C31F7281450460071BE89 /* Collection */ = {
			isa = PBXGroup;
			children = (
				9BB0C2E3280D5FB800639399 /* CollectionViewCell.swift */,
				9BB0C2D3280D5F5700639399 /* ViewController.swift */,
				9BB0C2E7280D67A000639399 /* HeaderCollectionReusableView.swift */,
			);
			path = Collection;
			sourceTree = "<group>";
		};
		9BB0C2C3280D5F5700639399 = {
			isa = PBXGroup;
			children = (
				9BB0C2CE280D5F5700639399 /* CollectionView */,
				9BB0C2CD280D5F5700639399 /* Products */,
			);
			sourceTree = "<group>";
		};
		9BB0C2CD280D5F5700639399 /* Products */ = {
			isa = PBXGroup;
			children = (
				9BB0C2CC280D5F5700639399 /* CollectionView.app */,
			);
			name = Products;
			sourceTree = "<group>";
		};
		9BB0C2CE280D5F5700639399 /* CollectionView */ = {
			isa = PBXGroup;
			children = (
				9BB0C2CF280D5F5700639399 /* AppDelegate.swift */,
				9BB0C2D1280D5F5700639399 /* SceneDelegate.swift */,
				9BB0C2D8280D5F5900639399 /* Assets.xcassets */,
				9BB0C2DA280D5F5900639399 /* LaunchScreen.storyboard */,
				9BB0C2DD280D5F5900639399 /* Info.plist */,
				9BB0C2D5280D5F5700639399 /* Main.storyboard */,
				9BB0C2E9280D6BA700639399 /* MyPlayground.playground */,
				9B8C31F7281450460071BE89 /* Collection */,
				9B8C31F628144F070071BE89 /* WaterfallController */,
			);
			path = CollectionView;
			sourceTree = "<group>";
		};
/* End PBXGroup section */

/* Begin PBXNativeTarget section */
		9BB0C2CB280D5F5700639399 /* CollectionView */ = {
			isa = PBXNativeTarget;
			buildConfigurationList = 9BB0C2E0280D5F5900639399 /* Build configuration list for PBXNativeTarget "CollectionView" */;
			buildPhases = (
				9BB0C2C8280D5F5700639399 /* Sources */,
				9BB0C2C9280D5F5700639399 /* Frameworks */,
				9BB0C2CA280D5F5700639399 /* Resources */,
			);
			buildRules = (
			);
			dependencies = (
			);
			name = CollectionView;
			productName = CollectionView;
			productReference = 9BB0C2CC280D5F5700639399 /* CollectionView.app */;
			productType = "com.apple.product-type.application";
		};
/* End PBXNativeTarget section */

/* Begin PBXProject section */
		9BB0C2C4280D5F5700639399 /* Project object */ = {
			isa = PBXProject;
			attributes = {
				BuildIndependentTargetsInParallel = 1;
				LastSwiftUpdateCheck = 1330;
				LastUpgradeCheck = 1330;
				TargetAttributes = {
					9BB0C2CB280D5F5700639399 = {
						CreatedOnToolsVersion = 13.3;
					};
				};
			};
			buildConfigurationList = 9BB0C2C7280D5F5700639399 /* Build configuration list for PBXProject "CollectionView" */;
			compatibilityVersion = "Xcode 13.0";
			developmentRegion = en;
			hasScannedForEncodings = 0;
			knownRegions = (
				en,
				Base,
			);
			mainGroup = 9BB0C2C3280D5F5700639399;
			productRefGroup = 9BB0C2CD280D5F5700639399 /* Products */;
			projectDirPath = "";
			projectRoot = "";
			targets = (
				9BB0C2CB280D5F5700639399 /* CollectionView */,
			);
		};
/* End PBXProject section */

/* Begin PBXResourcesBuildPhase section */
		9BB0C2CA280D5F5700639399 /* Resources */ = {
			isa = PBXResourcesBuildPhase;
			buildActionMask = 2147483647;
			files = (
				9BB0C2DC280D5F5900639399 /* LaunchScreen.storyboard in Resources */,
				9BB0C2D9280D5F5900639399 /* Assets.xcassets in Resources */,
				9BB0C2D7280D5F5700639399 /* Main.storyboard in Resources */,
			);
			runOnlyForDeploymentPostprocessing = 0;
		};
/* End PBXResourcesBuildPhase section */

/* Begin PBXSourcesBuildPhase section */
		9BB0C2C8280D5F5700639399 /* Sources */ = {
			isa = PBXSourcesBuildPhase;
			buildActionMask = 2147483647;
			files = (
				9BB0C2D4280D5F5700639399 /* ViewController.swift in Sources */,
				9BB0C2EF280D769600639399 /* ChencanUICollectionViewLayout.swift in Sources */,
				9BB0C2D0280D5F5700639399 /* AppDelegate.swift in Sources */,
				9BB0C2E4280D5FB800639399 /* CollectionViewCell.swift in Sources */,
				9BB0C2ED280D6FE200639399 /* WaterfallCollectionViewCell.swift in Sources */,
				9BB0C2E8280D67A000639399 /* HeaderCollectionReusableView.swift in Sources */,
				9BB0C2D2280D5F5700639399 /* SceneDelegate.swift in Sources */,
				9BB0C2EB280D6E6200639399 /* WaterFallCollectionViewController.swift in Sources */,
			);
			runOnlyForDeploymentPostprocessing = 0;
		};
/* End PBXSourcesBuildPhase section */

/* Begin PBXVariantGroup section */
		9BB0C2D5280D5F5700639399 /* Main.storyboard */ = {
			isa = PBXVariantGroup;
			children = (
				9BB0C2D6280D5F5700639399 /* Base */,
			);
			name = Main.storyboard;
			sourceTree = "<group>";
		};
		9BB0C2DA280D5F5900639399 /* LaunchScreen.storyboard */ = {
			isa = PBXVariantGroup;
			children = (
				9BB0C2DB280D5F5900639399 /* Base */,
			);
			name = LaunchScreen.storyboard;
			sourceTree = "<group>";
		};
/* End PBXVariantGroup section */

/* Begin XCBuildConfiguration section */
		9BB0C2DE280D5F5900639399 /* Debug */ = {
			isa = XCBuildConfiguration;
			buildSettings = {
				ALWAYS_SEARCH_USER_PATHS = NO;
				CLANG_ANALYZER_NONNULL = YES;
				CLANG_ANALYZER_NUMBER_OBJECT_CONVERSION = YES_AGGRESSIVE;
				CLANG_CXX_LANGUAGE_STANDARD = "gnu++17";
				CLANG_ENABLE_MODULES = YES;
				CLANG_ENABLE_OBJC_ARC = YES;
				CLANG_ENABLE_OBJC_WEAK = YES;
				CLANG_WARN_BLOCK_CAPTURE_AUTORELEASING = YES;
				CLANG_WARN_BOOL_CONVERSION = YES;
				CLANG_WARN_COMMA = YES;
				CLANG_WARN_CONSTANT_CONVERSION = YES;
				CLANG_WARN_DEPRECATED_OBJC_IMPLEMENTATIONS = YES;
				CLANG_WARN_DIRECT_OBJC_ISA_USAGE = YES_ERROR;
				CLANG_WARN_DOCUMENTATION_COMMENTS = YES;
				CLANG_WARN_EMPTY_BODY = YES;
				CLANG_WARN_ENUM_CONVERSION = YES;
				CLANG_WARN_INFINITE_RECURSION = YES;
				CLANG_WARN_INT_CONVERSION = YES;
				CLANG_WARN_NON_LITERAL_NULL_CONVERSION = YES;
				CLANG_WARN_OBJC_IMPLICIT_RETAIN_SELF = YES;
				CLANG_WARN_OBJC_LITERAL_CONVERSION = YES;
				CLANG_WARN_OBJC_ROOT_CLASS = YES_ERROR;
				CLANG_WARN_QUOTED_INCLUDE_IN_FRAMEWORK_HEADER = YES;
				CLANG_WARN_RANGE_LOOP_ANALYSIS = YES;
				CLANG_WARN_STRICT_PROTOTYPES = YES;
				CLANG_WARN_SUSPICIOUS_MOVE = YES;
				CLANG_WARN_UNGUARDED_AVAILABILITY = YES_AGGRESSIVE;
				CLANG_WARN_UNREACHABLE_CODE = YES;
				CLANG_WARN__DUPLICATE_METHOD_MATCH = YES;
				COPY_PHASE_STRIP = NO;
				DEBUG_INFORMATION_FORMAT = dwarf;
				ENABLE_STRICT_OBJC_MSGSEND = YES;
				ENABLE_TESTABILITY = YES;
				GCC_C_LANGUAGE_STANDARD = gnu11;
				GCC_DYNAMIC_NO_PIC = NO;
				GCC_NO_COMMON_BLOCKS = YES;
				GCC_OPTIMIZATION_LEVEL = 0;
				GCC_PREPROCESSOR_DEFINITIONS = (
					"DEBUG=1",
					"$(inherited)",
				);
				GCC_WARN_64_TO_32_BIT_CONVERSION = YES;
				GCC_WARN_ABOUT_RETURN_TYPE = YES_ERROR;
				GCC_WARN_UNDECLARED_SELECTOR = YES;
				GCC_WARN_UNINITIALIZED_AUTOS = YES_AGGRESSIVE;
				GCC_WARN_UNUSED_FUNCTION = YES;
				GCC_WARN_UNUSED_VARIABLE = YES;
				IPHONEOS_DEPLOYMENT_TARGET = 15.4;
				MTL_ENABLE_DEBUG_INFO = INCLUDE_SOURCE;
				MTL_FAST_MATH = YES;
				ONLY_ACTIVE_ARCH = YES;
				SDKROOT = iphoneos;
				SWIFT_ACTIVE_COMPILATION_CONDITIONS = DEBUG;
				SWIFT_OPTIMIZATION_LEVEL = "-Onone";
			};
			name = Debug;
		};
		9BB0C2DF280D5F5900639399 /* Release */ = {
			isa = XCBuildConfiguration;
			buildSettings = {
				ALWAYS_SEARCH_USER_PATHS = NO;
				CLANG_ANALYZER_NONNULL = YES;
				CLANG_ANALYZER_NUMBER_OBJECT_CONVERSION = YES_AGGRESSIVE;
				CLANG_CXX_LANGUAGE_STANDARD = "gnu++17";
				CLANG_ENABLE_MODULES = YES;
				CLANG_ENABLE_OBJC_ARC = YES;
				CLANG_ENABLE_OBJC_WEAK = YES;
				CLANG_WARN_BLOCK_CAPTURE_AUTORELEASING = YES;
				CLANG_WARN_BOOL_CONVERSION = YES;
				CLANG_WARN_COMMA = YES;
				CLANG_WARN_CONSTANT_CONVERSION = YES;
				CLANG_WARN_DEPRECATED_OBJC_IMPLEMENTATIONS = YES;
				CLANG_WARN_DIRECT_OBJC_ISA_USAGE = YES_ERROR;
				CLANG_WARN_DOCUMENTATION_COMMENTS = YES;
				CLANG_WARN_EMPTY_BODY = YES;
				CLANG_WARN_ENUM_CONVERSION = YES;
				CLANG_WARN_INFINITE_RECURSION = YES;
				CLANG_WARN_INT_CONVERSION = YES;
				CLANG_WARN_NON_LITERAL_NULL_CONVERSION = YES;
				CLANG_WARN_OBJC_IMPLICIT_RETAIN_SELF = YES;
				CLANG_WARN_OBJC_LITERAL_CONVERSION = YES;
				CLANG_WARN_OBJC_ROOT_CLASS = YES_ERROR;
				CLANG_WARN_QUOTED_INCLUDE_IN_FRAMEWORK_HEADER = YES;
				CLANG_WARN_RANGE_LOOP_ANALYSIS = YES;
				CLANG_WARN_STRICT_PROTOTYPES = YES;
				CLANG_WARN_SUSPICIOUS_MOVE = YES;
				CLANG_WARN_UNGUARDED_AVAILABILITY = YES_AGGRESSIVE;
				CLANG_WARN_UNREACHABLE_CODE = YES;
				CLANG_WARN__DUPLICATE_METHOD_MATCH = YES;
				COPY_PHASE_STRIP = NO;
				DEBUG_INFORMATION_FORMAT = "dwarf-with-dsym";
				ENABLE_NS_ASSERTIONS = NO;
				ENABLE_STRICT_OBJC_MSGSEND = YES;
				GCC_C_LANGUAGE_STANDARD = gnu11;
				GCC_NO_COMMON_BLOCKS = YES;
				GCC_WARN_64_TO_32_BIT_CONVERSION = YES;
				GCC_WARN_ABOUT_RETURN_TYPE = YES_ERROR;
				GCC_WARN_UNDECLARED_SELECTOR = YES;
				GCC_WARN_UNINITIALIZED_AUTOS = YES_AGGRESSIVE;
				GCC_WARN_UNUSED_FUNCTION = YES;
				GCC_WARN_UNUSED_VARIABLE = YES;
				IPHONEOS_DEPLOYMENT_TARGET = 15.4;
				MTL_ENABLE_DEBUG_INFO = NO;
				MTL_FAST_MATH = YES;
				SDKROOT = iphoneos;
				SWIFT_COMPILATION_MODE = wholemodule;
				SWIFT_OPTIMIZATION_LEVEL = "-O";
				VALIDATE_PRODUCT = YES;
			};
			name = Release;
		};
		9BB0C2E1280D5F5900639399 /* Debug */ = {
			isa = XCBuildConfiguration;
			buildSettings = {
				ASSETCATALOG_COMPILER_APPICON_NAME = AppIcon;
				ASSETCATALOG_COMPILER_GLOBAL_ACCENT_COLOR_NAME = AccentColor;
				CODE_SIGN_STYLE = Automatic;
				CURRENT_PROJECT_VERSION = 1;
				DEVELOPMENT_TEAM = XNM269JAPT;
				GENERATE_INFOPLIST_FILE = YES;
				INFOPLIST_FILE = CollectionView/Info.plist;
				INFOPLIST_KEY_UIApplicationSupportsIndirectInputEvents = YES;
				INFOPLIST_KEY_UILaunchStoryboardName = LaunchScreen;
				INFOPLIST_KEY_UIMainStoryboardFile = Main;
				INFOPLIST_KEY_UISupportedInterfaceOrientations_iPad = "UIInterfaceOrientationPortrait UIInterfaceOrientationPortraitUpsideDown UIInterfaceOrientationLandscapeLeft UIInterfaceOrientationLandscapeRight";
				INFOPLIST_KEY_UISupportedInterfaceOrientations_iPhone = "UIInterfaceOrientationPortrait UIInterfaceOrientationLandscapeLeft UIInterfaceOrientationLandscapeRight";
				LD_RUNPATH_SEARCH_PATHS = (
					"$(inherited)",
					"@executable_path/Frameworks",
				);
				MARKETING_VERSION = 1.0;
				PRODUCT_BUNDLE_IDENTIFIER = "-985100818-qq.com.CollectionView";
				PRODUCT_NAME = "$(TARGET_NAME)";
				SWIFT_EMIT_LOC_STRINGS = YES;
				SWIFT_VERSION = 5.0;
				TARGETED_DEVICE_FAMILY = 1;
			};
			name = Debug;
		};
		9BB0C2E2280D5F5900639399 /* Release */ = {
			isa = XCBuildConfiguration;
			buildSettings = {
				ASSETCATALOG_COMPILER_APPICON_NAME = AppIcon;
				ASSETCATALOG_COMPILER_GLOBAL_ACCENT_COLOR_NAME = AccentColor;
				CODE_SIGN_STYLE = Automatic;
				CURRENT_PROJECT_VERSION = 1;
				DEVELOPMENT_TEAM = XNM269JAPT;
				GENERATE_INFOPLIST_FILE = YES;
				INFOPLIST_FILE = CollectionView/Info.plist;
				INFOPLIST_KEY_UIApplicationSupportsIndirectInputEvents = YES;
				INFOPLIST_KEY_UILaunchStoryboardName = LaunchScreen;
				INFOPLIST_KEY_UIMainStoryboardFile = Main;
				INFOPLIST_KEY_UISupportedInterfaceOrientations_iPad = "UIInterfaceOrientationPortrait UIInterfaceOrientationPortraitUpsideDown UIInterfaceOrientationLandscapeLeft UIInterfaceOrientationLandscapeRight";
				INFOPLIST_KEY_UISupportedInterfaceOrientations_iPhone = "UIInterfaceOrientationPortrait UIInterfaceOrientationLandscapeLeft UIInterfaceOrientationLandscapeRight";
				LD_RUNPATH_SEARCH_PATHS = (
					"$(inherited)",
					"@executable_path/Frameworks",
				);
				MARKETING_VERSION = 1.0;
				PRODUCT_BUNDLE_IDENTIFIER = "-985100818-qq.com.CollectionView";
				PRODUCT_NAME = "$(TARGET_NAME)";
				SWIFT_EMIT_LOC_STRINGS = YES;
				SWIFT_VERSION = 5.0;
				TARGETED_DEVICE_FAMILY = 1;
			};
			name = Release;
		};
/* End XCBuildConfiguration section */

/* Begin XCConfigurationList section */
		9BB0C2C7280D5F5700639399 /* Build configuration list for PBXProject "CollectionView" */ = {
			isa = XCConfigurationList;
			buildConfigurations = (
				9BB0C2DE280D5F5900639399 /* Debug */,
				9BB0C2DF280D5F5900639399 /* Release */,
			);
			defaultConfigurationIsVisible = 0;
			defaultConfigurationName = Release;
		};
		9BB0C2E0280D5F5900639399 /* Build configuration list for PBXNativeTarget "CollectionView" */ = {
			isa = XCConfigurationList;
			buildConfigurations = (
				9BB0C2E1280D5F5900639399 /* Debug */,
				9BB0C2E2280D5F5900639399 /* Release */,
			);
			defaultConfigurationIsVisible = 0;
			defaultConfigurationName = Release;
		};
/* End XCConfigurationList section */
	};
	rootObject = 9BB0C2C4280D5F5700639399 /* Project object */;
}
